github.com/imroc/req v0.2.4 h1:8XbvaQpERLAJV6as/cB186DtH5f0m5zAOtHEaTQ4ac0=
github.com/imroc/req v0.2.4/go.mod h1:J9FsaNHDTIVyW/b5r6/Df5qKEEEq2WzZKIgKSajd1AE=
github.com/imroc/req v0.3.0 h1:3EioagmlSG+z+KySToa+Ylo3pTFZs+jh3Brl7ngU12U=
github.com/imroc/req v0.3.0/go.mod h1:F+NZ+2EFSo6EFXdeIbpfE9hcC233id70kf0byW97Caw=
